# This file was autogenerated by Stack.
# You should not edit this file by hand.
# For more information, please see the documentation at:
#   https://docs.haskellstack.org/en/stable/lock_files

packages:
- completed:
    hackage: brick-1.4@sha256:c262e7a86a8ddcf962cad9e5744f79f98b0dce940ea569c308587a4b5e403a2d,17826
    pantry-tree:
      sha256: b7e0f7c4662ff89dcf97966de2f3da52e4dd3b51ebaeba045484a145fd71c9f0
      size: 6687
  original:
    hackage: brick-1.4@sha256:c262e7a86a8ddcf962cad9e5744f79f98b0dce940ea569c308587a4b5e403a2d,17826
- completed:
    hackage: bimap-0.5.0@sha256:aba506d02a1c93fc2b50dcbe728d2a4d07cca89b7033945418061a0b08576ebd,1889
    pantry-tree:
      sha256: 285f5e86640f4bef3b7a60991defb8dd4b3714f8c294495d1136da182c1315a3
      size: 470
  original:
    hackage: bimap-0.5.0@sha256:aba506d02a1c93fc2b50dcbe728d2a4d07cca89b7033945418061a0b08576ebd,1889
- completed:
    hackage: text-zipper-0.12@sha256:e96110598fc25e57a99ffcd8e583351af8b325b813aa5e3bd0adc627e3e02b6b,1472
    pantry-tree:
      sha256: 51edf26c8f66b1356c820b183e6442f8245ec2aef450fde4cd56db566347daa0
      size: 604
  original:
    hackage: text-zipper-0.12@sha256:e96110598fc25e57a99ffcd8e583351af8b325b813aa5e3bd0adc627e3e02b6b,1472
- completed:
    hackage: vty-5.37@sha256:416ba9007f6b64226ad68bfd7a227714082832d004e07567e9850a7cec67d77a,20859
    pantry-tree:
      sha256: 75f72fc02ed2c9288b7957f2ff39e9b941fc41f83dff25aab4b9a540a47e6bdc
      size: 5394
  original:
    hackage: vty-5.37@sha256:416ba9007f6b64226ad68bfd7a227714082832d004e07567e9850a7cec67d77a,20859
- completed:
    hackage: org-mode-2.0.2@sha256:2094c2a173aae097bf6500cb8f6499f710308ac715c37cdb88587a9065960b58,1452
    pantry-tree:
      sha256: 3fcf949a55a88d3c0498822f9dd1921bcf6ab73e6c903fe7bb359cf7e0f4ffcc
      size: 428
  original:
    hackage: org-mode-2.0.2@sha256:2094c2a173aae097bf6500cb8f6499f710308ac715c37cdb88587a9065960b58,1452
- completed:
    hackage: time-1.12.2@sha256:88e8493d9130038d3b9968a2530a0900141cd3d938483c83dde56e12b875ebc8,6510
    pantry-tree:
      sha256: de0ab314661da3788b5dad20254e44929b1659b00d32b5a0cd54922a05e006e8
      size: 7264
  original:
    hackage: time-1.12.2@sha256:88e8493d9130038d3b9968a2530a0900141cd3d938483c83dde56e12b875ebc8,6510
- completed:
    hackage: directory-1.3.8.0@sha256:89f3645066c8a1456d237adcbc955c668abe7beca3ccc61a5843b3c4fbf426c6,2878
    pantry-tree:
      sha256: 53283776d4687d825b0e7b5a2a000a28edc7978bfd083a029d7b227fc062c77e
      size: 3519
  original:
    hackage: directory-1.3.8.0@sha256:89f3645066c8a1456d237adcbc955c668abe7beca3ccc61a5843b3c4fbf426c6,2878
- completed:
    hackage: process-1.6.16.0@sha256:1b9c267e475d4492b80edc1f58d08c458d4a10d17ea95294356443855b125616,2845
    pantry-tree:
      sha256: dc130ef74f0400c0761f53abdbcf16588b568ccbe6d43a584a43846d6da08012
      size: 1545
  original:
    hackage: process-1.6.16.0@sha256:1b9c267e475d4492b80edc1f58d08c458d4a10d17ea95294356443855b125616,2845
- completed:
    hackage: filepath-1.4.100.0@sha256:45a49fc8c379b33fdba3c8cc96dcf22b15c50995d0f4b8638e9b6b9423d1b877,5875
    pantry-tree:
      sha256: 150ca16c823a018d108db31d910f88c2c85a212d13339b4744fa4afa4d58a385
      size: 3407
  original:
    hackage: filepath-1.4.100.0@sha256:45a49fc8c379b33fdba3c8cc96dcf22b15c50995d0f4b8638e9b6b9423d1b877,5875
- completed:
    hackage: unix-2.8.0.0@sha256:5e4626217ca5b00e0589e09f491c6448289b625d99bb132a112d8c3dc724d8ce,6856
    pantry-tree:
      sha256: 0b1a8c9ad8f345627672aa200e3213d80ff9125c1ffd97dd5ac2d3c237adc701
      size: 5445
  original:
    hackage: unix-2.8.0.0@sha256:5e4626217ca5b00e0589e09f491c6448289b625d99bb132a112d8c3dc724d8ce,6856
snapshots:
- completed:
    sha256: a2cbcd2f37010a64c4ef74c21fd7e55982a07b49840d2bed306f9bac9981a9c3
    size: 648420
    url: https://raw.githubusercontent.com/commercialhaskell/stackage-snapshots/master/lts/20/0.yaml
  original: lts-20.0
